PODS:
  - Alamofire (4.9.1)
  - AnalysisManager (0.1.3):
    - Alamofire
    - SVProgressHUD
  - SVProgressHUD (2.2.5)

DEPENDENCIES:
  - AnalysisManager (from `../`)

SPEC REPOS:
  trunk:
    - Alamofire
    - SVProgressHUD

EXTERNAL SOURCES:
  AnalysisManager:
    :path: "../"

SPEC CHECKSUMS:
  Alamofire: 85e8a02c69d6020a0d734f6054870d7ecb75cf18
  AnalysisManager: f886e7d325aa056100986aa209460cc256466dc5
  SVProgressHUD: 1428aafac632c1f86f62aa4243ec12008d7a51d6

PODFILE CHECKSUM: 7281b5caf32dd1ef9edbfe03ae075925d2fe2583

COCOAPODS: 1.8.4
